
Microsoft Visual Studio Solution File, Format Version 12.00
# Visual Studio Version 17
VisualStudioVersion = 17.8.34525.116
MinimumVisualStudioVersion = 10.0.40219.1
Project("{9A19103F-16F7-4668-BE54-9A1E7A4F7556}") = "csCastSendcsv", "csCastSendcsv\csCastSendcsv.csproj", "{4994E778-7843-4881-A415-704A20DDFDC5}"
EndProject
Project("{9A19103F-16F7-4668-BE54-9A1E7A4F7556}") = "UDPSendCSV", "UDPSendCSV\UDPSendCSV.csproj", "{B8BBD812-92C6-4C54-9663-453C0148A262}"
EndProject
Global
	GlobalSection(SolutionConfigurationPlatforms) = preSolution
		Debug|Any CPU = Debug|Any CPU
		Release|Any CPU = Release|Any CPU
	EndGlobalSection
	GlobalSection(ProjectConfigurationPlatforms) = postSolution
		{4994E778-7843-4881-A415-704A20DDFDC5}.Debug|Any CPU.ActiveCfg = Debug|Any CPU
		{4994E778-7843-4881-A415-704A20DDFDC5}.Debug|Any CPU.Build.0 = Debug|Any CPU
		{4994E778-7843-4881-A415-704A20DDFDC5}.Release|Any CPU.ActiveCfg = Release|Any CPU
		{4994E778-7843-4881-A415-704A20DDFDC5}.Release|Any CPU.Build.0 = Release|Any CPU
		{B8BBD812-92C6-4C54-9663-453C0148A262}.Debug|Any CPU.ActiveCfg = Debug|Any CPU
		{B8BBD812-92C6-4C54-9663-453C0148A262}.Debug|Any CPU.Build.0 = Debug|Any CPU
		{B8BBD812-92C6-4C54-9663-453C0148A262}.Release|Any CPU.ActiveCfg = Release|Any CPU
		{B8BBD812-92C6-4C54-9663-453C0148A262}.Release|Any CPU.Build.0 = Release|Any CPU
	EndGlobalSection
	GlobalSection(SolutionProperties) = preSolution
		HideSolutionNode = FALSE
	EndGlobalSection
EndGlobal
